
Microsoft Visual Studio Solution File, Format Version 12.00
# Visual Studio Version 16
VisualStudioVersion = 16.0.31005.135
MinimumVisualStudioVersion = 10.0.40219.1
Project("{FAE04EC0-301F-11D3-BF4B-00C04F79EFBC}") = "ProjektSemestralny", "ProjektSemestralny.csproj", "{5290A884-18A9-459F-90FB-300E81600228}"
EndProject
Project("{C7167F0D-BC9F-4E6E-AFE1-012C56B48DB5}") = "AppInstaller", "..\AppInstaller\AppInstaller.wapproj", "{C31A1BF3-6176-4756-A5ED-46C1A4EEEA6C}"
EndProject
Global
	GlobalSection(SolutionConfigurationPlatforms) = preSolution
		Debug|Any CPU = Debug|Any CPU
		Debug|ARM = Debug|ARM
		Debug|ARM64 = Debug|ARM64
		Debug|x64 = Debug|x64
		Debug|x86 = Debug|x86
		Release|Any CPU = Release|Any CPU
		Release|ARM = Release|ARM
		Release|ARM64 = Release|ARM64
		Release|x64 = Release|x64
		Release|x86 = Release|x86
	EndGlobalSection
	GlobalSection(ProjectConfigurationPlatforms) = postSolution
		{5290A884-18A9-459F-90FB-300E81600228}.Debug|Any CPU.ActiveCfg = Debug|Any CPU
		{5290A884-18A9-459F-90FB-300E81600228}.Debug|Any CPU.Build.0 = Debug|Any CPU
		{5290A884-18A9-459F-90FB-300E81600228}.Debug|ARM.ActiveCfg = Debug|Any CPU
		{5290A884-18A9-459F-90FB-300E81600228}.Debug|ARM.Build.0 = Debug|Any CPU
		{5290A884-18A9-459F-90FB-300E81600228}.Debug|ARM64.ActiveCfg = Debug|Any CPU
		{5290A884-18A9-459F-90FB-300E81600228}.Debug|ARM64.Build.0 = Debug|Any CPU
		{5290A884-18A9-459F-90FB-300E81600228}.Debug|x64.ActiveCfg = Debug|Any CPU
		{5290A884-18A9-459F-90FB-300E81600228}.Debug|x64.Build.0 = Debug|Any CPU
		{5290A884-18A9-459F-90FB-300E81600228}.Debug|x86.ActiveCfg = Debug|Any CPU
		{5290A884-18A9-459F-90FB-300E81600228}.Debug|x86.Build.0 = Debug|Any CPU
		{5290A884-18A9-459F-90FB-300E81600228}.Release|Any CPU.ActiveCfg = Release|Any CPU
		{5290A884-18A9-459F-90FB-300E81600228}.Release|Any CPU.Build.0 = Release|Any CPU
		{5290A884-18A9-459F-90FB-300E81600228}.Release|ARM.ActiveCfg = Release|Any CPU
		{5290A884-18A9-459F-90FB-300E81600228}.Release|ARM.Build.0 = Release|Any CPU
		{5290A884-18A9-459F-90FB-300E81600228}.Release|ARM64.ActiveCfg = Release|Any CPU
		{5290A884-18A9-459F-90FB-300E81600228}.Release|ARM64.Build.0 = Release|Any CPU
		{5290A884-18A9-459F-90FB-300E81600228}.Release|x64.ActiveCfg = Release|x64
		{5290A884-18A9-459F-90FB-300E81600228}.Release|x64.Build.0 = Release|x64
		{5290A884-18A9-459F-90FB-300E81600228}.Release|x86.ActiveCfg = Release|x86
		{5290A884-18A9-459F-90FB-300E81600228}.Release|x86.Build.0 = Release|x86
		{C31A1BF3-6176-4756-A5ED-46C1A4EEEA6C}.Debug|Any CPU.ActiveCfg = Release|Any CPU
		{C31A1BF3-6176-4756-A5ED-46C1A4EEEA6C}.Debug|Any CPU.Build.0 = Release|Any CPU
		{C31A1BF3-6176-4756-A5ED-46C1A4EEEA6C}.Debug|Any CPU.Deploy.0 = Release|Any CPU
		{C31A1BF3-6176-4756-A5ED-46C1A4EEEA6C}.Debug|ARM.ActiveCfg = Debug|ARM
		{C31A1BF3-6176-4756-A5ED-46C1A4EEEA6C}.Debug|ARM.Build.0 = Debug|ARM
		{C31A1BF3-6176-4756-A5ED-46C1A4EEEA6C}.Debug|ARM.Deploy.0 = Debug|ARM
		{C31A1BF3-6176-4756-A5ED-46C1A4EEEA6C}.Debug|ARM64.ActiveCfg = Debug|ARM64
		{C31A1BF3-6176-4756-A5ED-46C1A4EEEA6C}.Debug|ARM64.Build.0 = Debug|ARM64
		{C31A1BF3-6176-4756-A5ED-46C1A4EEEA6C}.Debug|ARM64.Deploy.0 = Debug|ARM64
		{C31A1BF3-6176-4756-A5ED-46C1A4EEEA6C}.Debug|x64.ActiveCfg = Release|x64
		{C31A1BF3-6176-4756-A5ED-46C1A4EEEA6C}.Debug|x64.Build.0 = Release|x64
		{C31A1BF3-6176-4756-A5ED-46C1A4EEEA6C}.Debug|x64.Deploy.0 = Release|x64
		{C31A1BF3-6176-4756-A5ED-46C1A4EEEA6C}.Debug|x86.ActiveCfg = Debug|x86
		{C31A1BF3-6176-4756-A5ED-46C1A4EEEA6C}.Debug|x86.Build.0 = Debug|x86
		{C31A1BF3-6176-4756-A5ED-46C1A4EEEA6C}.Debug|x86.Deploy.0 = Debug|x86
		{C31A1BF3-6176-4756-A5ED-46C1A4EEEA6C}.Release|Any CPU.ActiveCfg = Release|Any CPU
		{C31A1BF3-6176-4756-A5ED-46C1A4EEEA6C}.Release|Any CPU.Build.0 = Release|Any CPU
		{C31A1BF3-6176-4756-A5ED-46C1A4EEEA6C}.Release|Any CPU.Deploy.0 = Release|Any CPU
		{C31A1BF3-6176-4756-A5ED-46C1A4EEEA6C}.Release|ARM.ActiveCfg = Release|ARM
		{C31A1BF3-6176-4756-A5ED-46C1A4EEEA6C}.Release|ARM.Build.0 = Release|ARM
		{C31A1BF3-6176-4756-A5ED-46C1A4EEEA6C}.Release|ARM.Deploy.0 = Release|ARM
		{C31A1BF3-6176-4756-A5ED-46C1A4EEEA6C}.Release|ARM64.ActiveCfg = Release|ARM64
		{C31A1BF3-6176-4756-A5ED-46C1A4EEEA6C}.Release|ARM64.Build.0 = Release|ARM64
		{C31A1BF3-6176-4756-A5ED-46C1A4EEEA6C}.Release|ARM64.Deploy.0 = Release|ARM64
		{C31A1BF3-6176-4756-A5ED-46C1A4EEEA6C}.Release|x64.ActiveCfg = Release|x64
		{C31A1BF3-6176-4756-A5ED-46C1A4EEEA6C}.Release|x64.Build.0 = Release|x64
		{C31A1BF3-6176-4756-A5ED-46C1A4EEEA6C}.Release|x64.Deploy.0 = Release|x64
		{C31A1BF3-6176-4756-A5ED-46C1A4EEEA6C}.Release|x86.ActiveCfg = Release|x86
		{C31A1BF3-6176-4756-A5ED-46C1A4EEEA6C}.Release|x86.Build.0 = Release|x86
		{C31A1BF3-6176-4756-A5ED-46C1A4EEEA6C}.Release|x86.Deploy.0 = Release|x86
	EndGlobalSection
	GlobalSection(SolutionProperties) = preSolution
		HideSolutionNode = FALSE
	EndGlobalSection
	GlobalSection(ExtensibilityGlobals) = postSolution
		SolutionGuid = {A9523860-6236-4585-A0A9-5C3CF64E7C40}
	EndGlobalSection
EndGlobal
